
Microsoft Visual Studio Solution File, Format Version 12.00
# Visual Studio 15
VisualStudioVersion = 15.0.26430.16
MinimumVisualStudioVersion = 10.0.40219.1
Project("{FAE04EC0-301F-11D3-BF4B-00C04F79EFBC}") = "01_策略模式", "01_策略模式\01_策略模式.csproj", "{7C9B8A33-9AFC-4A38-A52C-16EDA687BEBA}"
EndProject
Project("{FAE04EC0-301F-11D3-BF4B-00C04F79EFBC}") = "02_单例模式", "02_单例模式\02_单例模式.csproj", "{DA308FE9-EEFC-4EB5-BD79-99D96579DE9B}"
EndProject
Project("{FAE04EC0-301F-11D3-BF4B-00C04F79EFBC}") = "03_观察者模式", "03_观察者模式\03_观察者模式.csproj", "{0278DBA4-35D0-4F10-8796-B8E7ADD58C8E}"
EndProject
Project("{2150E333-8FDC-42A3-9474-1A3956D46DE8}") = "面向对象的六大原则", "面向对象的六大原则", "{863C625B-E066-4E76-850C-C545FE15BC8B}"
EndProject
Project("{FAE04EC0-301F-11D3-BF4B-00C04F79EFBC}") = "OOPPrinciple_1_接口隔离原则", "OOPPrinciple_1_接口隔离原则\OOPPrinciple_1_接口隔离原则.csproj", "{665BE349-0C79-4F23-826C-DCA8ECC644F6}"
EndProject
Project("{FAE04EC0-301F-11D3-BF4B-00C04F79EFBC}") = "OOPPrinciple_2_单一职责原则", "OOPPrinciple_2_单一职责原则\OOPPrinciple_2_单一职责原则.csproj", "{4F5D60F1-3187-45D2-890F-17B35F1ECA52}"
EndProject
Global
	GlobalSection(SolutionConfigurationPlatforms) = preSolution
		Debug|Any CPU = Debug|Any CPU
		Release|Any CPU = Release|Any CPU
	EndGlobalSection
	GlobalSection(ProjectConfigurationPlatforms) = postSolution
		{7C9B8A33-9AFC-4A38-A52C-16EDA687BEBA}.Debug|Any CPU.ActiveCfg = Debug|Any CPU
		{7C9B8A33-9AFC-4A38-A52C-16EDA687BEBA}.Debug|Any CPU.Build.0 = Debug|Any CPU
		{7C9B8A33-9AFC-4A38-A52C-16EDA687BEBA}.Release|Any CPU.ActiveCfg = Release|Any CPU
		{7C9B8A33-9AFC-4A38-A52C-16EDA687BEBA}.Release|Any CPU.Build.0 = Release|Any CPU
		{DA308FE9-EEFC-4EB5-BD79-99D96579DE9B}.Debug|Any CPU.ActiveCfg = Debug|Any CPU
		{DA308FE9-EEFC-4EB5-BD79-99D96579DE9B}.Debug|Any CPU.Build.0 = Debug|Any CPU
		{DA308FE9-EEFC-4EB5-BD79-99D96579DE9B}.Release|Any CPU.ActiveCfg = Release|Any CPU
		{DA308FE9-EEFC-4EB5-BD79-99D96579DE9B}.Release|Any CPU.Build.0 = Release|Any CPU
		{0278DBA4-35D0-4F10-8796-B8E7ADD58C8E}.Debug|Any CPU.ActiveCfg = Debug|Any CPU
		{0278DBA4-35D0-4F10-8796-B8E7ADD58C8E}.Debug|Any CPU.Build.0 = Debug|Any CPU
		{0278DBA4-35D0-4F10-8796-B8E7ADD58C8E}.Release|Any CPU.ActiveCfg = Release|Any CPU
		{0278DBA4-35D0-4F10-8796-B8E7ADD58C8E}.Release|Any CPU.Build.0 = Release|Any CPU
		{665BE349-0C79-4F23-826C-DCA8ECC644F6}.Debug|Any CPU.ActiveCfg = Debug|Any CPU
		{665BE349-0C79-4F23-826C-DCA8ECC644F6}.Debug|Any CPU.Build.0 = Debug|Any CPU
		{665BE349-0C79-4F23-826C-DCA8ECC644F6}.Release|Any CPU.ActiveCfg = Release|Any CPU
		{665BE349-0C79-4F23-826C-DCA8ECC644F6}.Release|Any CPU.Build.0 = Release|Any CPU
		{4F5D60F1-3187-45D2-890F-17B35F1ECA52}.Debug|Any CPU.ActiveCfg = Debug|Any CPU
		{4F5D60F1-3187-45D2-890F-17B35F1ECA52}.Debug|Any CPU.Build.0 = Debug|Any CPU
		{4F5D60F1-3187-45D2-890F-17B35F1ECA52}.Release|Any CPU.ActiveCfg = Release|Any CPU
		{4F5D60F1-3187-45D2-890F-17B35F1ECA52}.Release|Any CPU.Build.0 = Release|Any CPU
	EndGlobalSection
	GlobalSection(SolutionProperties) = preSolution
		HideSolutionNode = FALSE
	EndGlobalSection
	GlobalSection(NestedProjects) = preSolution
		{665BE349-0C79-4F23-826C-DCA8ECC644F6} = {863C625B-E066-4E76-850C-C545FE15BC8B}
		{4F5D60F1-3187-45D2-890F-17B35F1ECA52} = {863C625B-E066-4E76-850C-C545FE15BC8B}
	EndGlobalSection
EndGlobal
