
Microsoft Visual Studio Solution File, Format Version 12.00
# Visual Studio 2013
VisualStudioVersion = 12.0.31101.0
MinimumVisualStudioVersion = 10.0.40219.1
Project("{FAE04EC0-301F-11D3-BF4B-00C04F79EFBC}") = "ESTM.Client.Winform", "ESTM.Client.Winform\ESTM.Client.Winform.csproj", "{180441D5-6B5D-43C6-BBDD-2FB7444ABB01}"
EndProject
Project("{FAE04EC0-301F-11D3-BF4B-00C04F79EFBC}") = "ESTM.Client.IBLL", "ESTM.Client.IBLL\ESTM.Client.IBLL.csproj", "{6649A29B-773B-45A3-8084-949AE2B3ED9E}"
EndProject
Project("{FAE04EC0-301F-11D3-BF4B-00C04F79EFBC}") = "ESTM.Client.BLL", "ESTM.Client.BLL\ESTM.Client.BLL.csproj", "{F53CA71B-E163-475A-BD32-998E75638030}"
EndProject
Project("{FAE04EC0-301F-11D3-BF4B-00C04F79EFBC}") = "ESTM.Service.WCF", "ESTM.Service.WCF\ESTM.Service.WCF.csproj", "{7456A5E4-D90D-4D7B-BB0B-7E643F992E67}"
EndProject
Project("{FAE04EC0-301F-11D3-BF4B-00C04F79EFBC}") = "ESTM.Service.IBLL", "ESTM.Service.IBLL\ESTM.Service.IBLL.csproj", "{A1D836ED-5A3F-4DF5-B7E8-35DD6D833BC6}"
EndProject
Project("{FAE04EC0-301F-11D3-BF4B-00C04F79EFBC}") = "ESTM.Service.BLL", "ESTM.Service.BLL\ESTM.Service.BLL.csproj", "{4C2E9AEC-70CC-4310-9043-55F2ECEAD2CA}"
EndProject
Project("{FAE04EC0-301F-11D3-BF4B-00C04F79EFBC}") = "ESTM.Service.DAL", "ESTM.Service.DAL\ESTM.Service.DAL.csproj", "{0CD49775-8258-4E5F-A8B0-DBDE859B4467}"
EndProject
Project("{2150E333-8FDC-42A3-9474-1A3956D46DE8}") = "ESTM.Client", "ESTM.Client", "{7C50D2A0-0466-4983-BD64-880878AD0833}"
EndProject
Project("{2150E333-8FDC-42A3-9474-1A3956D46DE8}") = "ESTM.Service", "ESTM.Service", "{DD0CF50A-27CB-4492-A800-9EB4B901CF8D}"
EndProject
Project("{2150E333-8FDC-42A3-9474-1A3956D46DE8}") = "ESTM.Common", "ESTM.Common", "{66C3E1C3-B261-498C-8E63-8CC8FA4E77F1}"
EndProject
Project("{FAE04EC0-301F-11D3-BF4B-00C04F79EFBC}") = "ESTM.Common.Model", "ESTM.Common.Model\ESTM.Common.Model.csproj", "{AFF089C4-43D0-4A76-B295-27DC717C6762}"
EndProject
Global
	GlobalSection(SolutionConfigurationPlatforms) = preSolution
		Debug|Any CPU = Debug|Any CPU
		Release|Any CPU = Release|Any CPU
	EndGlobalSection
	GlobalSection(ProjectConfigurationPlatforms) = postSolution
		{180441D5-6B5D-43C6-BBDD-2FB7444ABB01}.Debug|Any CPU.ActiveCfg = Debug|Any CPU
		{180441D5-6B5D-43C6-BBDD-2FB7444ABB01}.Debug|Any CPU.Build.0 = Debug|Any CPU
		{180441D5-6B5D-43C6-BBDD-2FB7444ABB01}.Release|Any CPU.ActiveCfg = Release|Any CPU
		{180441D5-6B5D-43C6-BBDD-2FB7444ABB01}.Release|Any CPU.Build.0 = Release|Any CPU
		{6649A29B-773B-45A3-8084-949AE2B3ED9E}.Debug|Any CPU.ActiveCfg = Debug|Any CPU
		{6649A29B-773B-45A3-8084-949AE2B3ED9E}.Debug|Any CPU.Build.0 = Debug|Any CPU
		{6649A29B-773B-45A3-8084-949AE2B3ED9E}.Release|Any CPU.ActiveCfg = Release|Any CPU
		{6649A29B-773B-45A3-8084-949AE2B3ED9E}.Release|Any CPU.Build.0 = Release|Any CPU
		{F53CA71B-E163-475A-BD32-998E75638030}.Debug|Any CPU.ActiveCfg = Debug|Any CPU
		{F53CA71B-E163-475A-BD32-998E75638030}.Debug|Any CPU.Build.0 = Debug|Any CPU
		{F53CA71B-E163-475A-BD32-998E75638030}.Release|Any CPU.ActiveCfg = Release|Any CPU
		{F53CA71B-E163-475A-BD32-998E75638030}.Release|Any CPU.Build.0 = Release|Any CPU
		{7456A5E4-D90D-4D7B-BB0B-7E643F992E67}.Debug|Any CPU.ActiveCfg = Debug|Any CPU
		{7456A5E4-D90D-4D7B-BB0B-7E643F992E67}.Debug|Any CPU.Build.0 = Debug|Any CPU
		{7456A5E4-D90D-4D7B-BB0B-7E643F992E67}.Release|Any CPU.ActiveCfg = Release|Any CPU
		{7456A5E4-D90D-4D7B-BB0B-7E643F992E67}.Release|Any CPU.Build.0 = Release|Any CPU
		{A1D836ED-5A3F-4DF5-B7E8-35DD6D833BC6}.Debug|Any CPU.ActiveCfg = Debug|Any CPU
		{A1D836ED-5A3F-4DF5-B7E8-35DD6D833BC6}.Debug|Any CPU.Build.0 = Debug|Any CPU
		{A1D836ED-5A3F-4DF5-B7E8-35DD6D833BC6}.Release|Any CPU.ActiveCfg = Release|Any CPU
		{A1D836ED-5A3F-4DF5-B7E8-35DD6D833BC6}.Release|Any CPU.Build.0 = Release|Any CPU
		{4C2E9AEC-70CC-4310-9043-55F2ECEAD2CA}.Debug|Any CPU.ActiveCfg = Debug|Any CPU
		{4C2E9AEC-70CC-4310-9043-55F2ECEAD2CA}.Debug|Any CPU.Build.0 = Debug|Any CPU
		{4C2E9AEC-70CC-4310-9043-55F2ECEAD2CA}.Release|Any CPU.ActiveCfg = Release|Any CPU
		{4C2E9AEC-70CC-4310-9043-55F2ECEAD2CA}.Release|Any CPU.Build.0 = Release|Any CPU
		{0CD49775-8258-4E5F-A8B0-DBDE859B4467}.Debug|Any CPU.ActiveCfg = Debug|Any CPU
		{0CD49775-8258-4E5F-A8B0-DBDE859B4467}.Debug|Any CPU.Build.0 = Debug|Any CPU
		{0CD49775-8258-4E5F-A8B0-DBDE859B4467}.Release|Any CPU.ActiveCfg = Release|Any CPU
		{0CD49775-8258-4E5F-A8B0-DBDE859B4467}.Release|Any CPU.Build.0 = Release|Any CPU
		{AFF089C4-43D0-4A76-B295-27DC717C6762}.Debug|Any CPU.ActiveCfg = Debug|Any CPU
		{AFF089C4-43D0-4A76-B295-27DC717C6762}.Debug|Any CPU.Build.0 = Debug|Any CPU
		{AFF089C4-43D0-4A76-B295-27DC717C6762}.Release|Any CPU.ActiveCfg = Release|Any CPU
		{AFF089C4-43D0-4A76-B295-27DC717C6762}.Release|Any CPU.Build.0 = Release|Any CPU
	EndGlobalSection
	GlobalSection(SolutionProperties) = preSolution
		HideSolutionNode = FALSE
	EndGlobalSection
	GlobalSection(NestedProjects) = preSolution
		{180441D5-6B5D-43C6-BBDD-2FB7444ABB01} = {7C50D2A0-0466-4983-BD64-880878AD0833}
		{6649A29B-773B-45A3-8084-949AE2B3ED9E} = {7C50D2A0-0466-4983-BD64-880878AD0833}
		{F53CA71B-E163-475A-BD32-998E75638030} = {7C50D2A0-0466-4983-BD64-880878AD0833}
		{7456A5E4-D90D-4D7B-BB0B-7E643F992E67} = {DD0CF50A-27CB-4492-A800-9EB4B901CF8D}
		{A1D836ED-5A3F-4DF5-B7E8-35DD6D833BC6} = {DD0CF50A-27CB-4492-A800-9EB4B901CF8D}
		{4C2E9AEC-70CC-4310-9043-55F2ECEAD2CA} = {DD0CF50A-27CB-4492-A800-9EB4B901CF8D}
		{0CD49775-8258-4E5F-A8B0-DBDE859B4467} = {DD0CF50A-27CB-4492-A800-9EB4B901CF8D}
		{AFF089C4-43D0-4A76-B295-27DC717C6762} = {66C3E1C3-B261-498C-8E63-8CC8FA4E77F1}
	EndGlobalSection
EndGlobal
