
Microsoft Visual Studio Solution File, Format Version 11.00
# Visual Studio 2010
Project("{FAE04EC0-301F-11D3-BF4B-00C04F79EFBC}") = "FactoryMVC", "EasyMVC\FactoryMVC.csproj", "{935AB7D5-CCED-40DC-B1E7-1A6DE95FEBC8}"
EndProject
Project("{2150E333-8FDC-42A3-9474-1A3956D46DE8}") = "Solution Items", "Solution Items", "{4CB0BC4C-DD3C-421A-B580-188C84A81F77}"
	ProjectSection(SolutionItems) = preProject
		简单三层架构说明.txt = 简单三层架构说明.txt
	EndProjectSection
EndProject
Project("{FAE04EC0-301F-11D3-BF4B-00C04F79EFBC}") = "SQLDAL", "SchoolDAL\SQLDAL.csproj", "{A6C442E2-2D86-4D67-B78E-C50EB194811D}"
EndProject
Project("{FAE04EC0-301F-11D3-BF4B-00C04F79EFBC}") = "SchoolBLL", "SchoolBLL\SchoolBLL.csproj", "{1A46052B-7BC3-49C1-B390-13DA0EAC641B}"
EndProject
Project("{FAE04EC0-301F-11D3-BF4B-00C04F79EFBC}") = "DBUtility", "DBUtility\DBUtility.csproj", "{837012CA-0007-406C-99FE-7E307A52AE65}"
EndProject
Project("{FAE04EC0-301F-11D3-BF4B-00C04F79EFBC}") = "SchoolModel", "SchoolModel\SchoolModel.csproj", "{48A20636-B11D-4DFF-9183-2EE94A3F33BB}"
EndProject
Project("{FAE04EC0-301F-11D3-BF4B-00C04F79EFBC}") = "DALFactory", "DALFactory\DALFactory.csproj", "{8694E89B-DCB3-4541-9B06-CFB0EA0EED2B}"
EndProject
Project("{FAE04EC0-301F-11D3-BF4B-00C04F79EFBC}") = "IDAL", "IDAL\IDAL.csproj", "{CCC8D60F-31F3-4534-90CD-E6663D666CC0}"
EndProject
Global
	GlobalSection(SolutionConfigurationPlatforms) = preSolution
		Debug|Any CPU = Debug|Any CPU
		Debug|Mixed Platforms = Debug|Mixed Platforms
		Debug|x86 = Debug|x86
		Release|Any CPU = Release|Any CPU
		Release|Mixed Platforms = Release|Mixed Platforms
		Release|x86 = Release|x86
	EndGlobalSection
	GlobalSection(ProjectConfigurationPlatforms) = postSolution
		{935AB7D5-CCED-40DC-B1E7-1A6DE95FEBC8}.Debug|Any CPU.ActiveCfg = Debug|x86
		{935AB7D5-CCED-40DC-B1E7-1A6DE95FEBC8}.Debug|Mixed Platforms.ActiveCfg = Debug|x86
		{935AB7D5-CCED-40DC-B1E7-1A6DE95FEBC8}.Debug|Mixed Platforms.Build.0 = Debug|x86
		{935AB7D5-CCED-40DC-B1E7-1A6DE95FEBC8}.Debug|x86.ActiveCfg = Debug|x86
		{935AB7D5-CCED-40DC-B1E7-1A6DE95FEBC8}.Debug|x86.Build.0 = Debug|x86
		{935AB7D5-CCED-40DC-B1E7-1A6DE95FEBC8}.Release|Any CPU.ActiveCfg = Release|x86
		{935AB7D5-CCED-40DC-B1E7-1A6DE95FEBC8}.Release|Mixed Platforms.ActiveCfg = Release|x86
		{935AB7D5-CCED-40DC-B1E7-1A6DE95FEBC8}.Release|Mixed Platforms.Build.0 = Release|x86
		{935AB7D5-CCED-40DC-B1E7-1A6DE95FEBC8}.Release|x86.ActiveCfg = Release|x86
		{935AB7D5-CCED-40DC-B1E7-1A6DE95FEBC8}.Release|x86.Build.0 = Release|x86
		{A6C442E2-2D86-4D67-B78E-C50EB194811D}.Debug|Any CPU.ActiveCfg = Debug|Any CPU
		{A6C442E2-2D86-4D67-B78E-C50EB194811D}.Debug|Any CPU.Build.0 = Debug|Any CPU
		{A6C442E2-2D86-4D67-B78E-C50EB194811D}.Debug|Mixed Platforms.ActiveCfg = Debug|Any CPU
		{A6C442E2-2D86-4D67-B78E-C50EB194811D}.Debug|Mixed Platforms.Build.0 = Debug|Any CPU
		{A6C442E2-2D86-4D67-B78E-C50EB194811D}.Debug|x86.ActiveCfg = Debug|Any CPU
		{A6C442E2-2D86-4D67-B78E-C50EB194811D}.Release|Any CPU.ActiveCfg = Release|Any CPU
		{A6C442E2-2D86-4D67-B78E-C50EB194811D}.Release|Any CPU.Build.0 = Release|Any CPU
		{A6C442E2-2D86-4D67-B78E-C50EB194811D}.Release|Mixed Platforms.ActiveCfg = Release|Any CPU
		{A6C442E2-2D86-4D67-B78E-C50EB194811D}.Release|Mixed Platforms.Build.0 = Release|Any CPU
		{A6C442E2-2D86-4D67-B78E-C50EB194811D}.Release|x86.ActiveCfg = Release|Any CPU
		{1A46052B-7BC3-49C1-B390-13DA0EAC641B}.Debug|Any CPU.ActiveCfg = Debug|Any CPU
		{1A46052B-7BC3-49C1-B390-13DA0EAC641B}.Debug|Any CPU.Build.0 = Debug|Any CPU
		{1A46052B-7BC3-49C1-B390-13DA0EAC641B}.Debug|Mixed Platforms.ActiveCfg = Debug|Any CPU
		{1A46052B-7BC3-49C1-B390-13DA0EAC641B}.Debug|Mixed Platforms.Build.0 = Debug|Any CPU
		{1A46052B-7BC3-49C1-B390-13DA0EAC641B}.Debug|x86.ActiveCfg = Debug|Any CPU
		{1A46052B-7BC3-49C1-B390-13DA0EAC641B}.Release|Any CPU.ActiveCfg = Release|Any CPU
		{1A46052B-7BC3-49C1-B390-13DA0EAC641B}.Release|Any CPU.Build.0 = Release|Any CPU
		{1A46052B-7BC3-49C1-B390-13DA0EAC641B}.Release|Mixed Platforms.ActiveCfg = Release|Any CPU
		{1A46052B-7BC3-49C1-B390-13DA0EAC641B}.Release|Mixed Platforms.Build.0 = Release|Any CPU
		{1A46052B-7BC3-49C1-B390-13DA0EAC641B}.Release|x86.ActiveCfg = Release|Any CPU
		{837012CA-0007-406C-99FE-7E307A52AE65}.Debug|Any CPU.ActiveCfg = Debug|Any CPU
		{837012CA-0007-406C-99FE-7E307A52AE65}.Debug|Any CPU.Build.0 = Debug|Any CPU
		{837012CA-0007-406C-99FE-7E307A52AE65}.Debug|Mixed Platforms.ActiveCfg = Debug|Any CPU
		{837012CA-0007-406C-99FE-7E307A52AE65}.Debug|Mixed Platforms.Build.0 = Debug|Any CPU
		{837012CA-0007-406C-99FE-7E307A52AE65}.Debug|x86.ActiveCfg = Debug|Any CPU
		{837012CA-0007-406C-99FE-7E307A52AE65}.Release|Any CPU.ActiveCfg = Release|Any CPU
		{837012CA-0007-406C-99FE-7E307A52AE65}.Release|Any CPU.Build.0 = Release|Any CPU
		{837012CA-0007-406C-99FE-7E307A52AE65}.Release|Mixed Platforms.ActiveCfg = Release|Any CPU
		{837012CA-0007-406C-99FE-7E307A52AE65}.Release|Mixed Platforms.Build.0 = Release|Any CPU
		{837012CA-0007-406C-99FE-7E307A52AE65}.Release|x86.ActiveCfg = Release|Any CPU
		{48A20636-B11D-4DFF-9183-2EE94A3F33BB}.Debug|Any CPU.ActiveCfg = Debug|Any CPU
		{48A20636-B11D-4DFF-9183-2EE94A3F33BB}.Debug|Any CPU.Build.0 = Debug|Any CPU
		{48A20636-B11D-4DFF-9183-2EE94A3F33BB}.Debug|Mixed Platforms.ActiveCfg = Debug|Any CPU
		{48A20636-B11D-4DFF-9183-2EE94A3F33BB}.Debug|Mixed Platforms.Build.0 = Debug|Any CPU
		{48A20636-B11D-4DFF-9183-2EE94A3F33BB}.Debug|x86.ActiveCfg = Debug|Any CPU
		{48A20636-B11D-4DFF-9183-2EE94A3F33BB}.Release|Any CPU.ActiveCfg = Release|Any CPU
		{48A20636-B11D-4DFF-9183-2EE94A3F33BB}.Release|Any CPU.Build.0 = Release|Any CPU
		{48A20636-B11D-4DFF-9183-2EE94A3F33BB}.Release|Mixed Platforms.ActiveCfg = Release|Any CPU
		{48A20636-B11D-4DFF-9183-2EE94A3F33BB}.Release|Mixed Platforms.Build.0 = Release|Any CPU
		{48A20636-B11D-4DFF-9183-2EE94A3F33BB}.Release|x86.ActiveCfg = Release|Any CPU
		{8694E89B-DCB3-4541-9B06-CFB0EA0EED2B}.Debug|Any CPU.ActiveCfg = Debug|Any CPU
		{8694E89B-DCB3-4541-9B06-CFB0EA0EED2B}.Debug|Any CPU.Build.0 = Debug|Any CPU
		{8694E89B-DCB3-4541-9B06-CFB0EA0EED2B}.Debug|Mixed Platforms.ActiveCfg = Debug|Any CPU
		{8694E89B-DCB3-4541-9B06-CFB0EA0EED2B}.Debug|Mixed Platforms.Build.0 = Debug|Any CPU
		{8694E89B-DCB3-4541-9B06-CFB0EA0EED2B}.Debug|x86.ActiveCfg = Debug|Any CPU
		{8694E89B-DCB3-4541-9B06-CFB0EA0EED2B}.Release|Any CPU.ActiveCfg = Release|Any CPU
		{8694E89B-DCB3-4541-9B06-CFB0EA0EED2B}.Release|Any CPU.Build.0 = Release|Any CPU
		{8694E89B-DCB3-4541-9B06-CFB0EA0EED2B}.Release|Mixed Platforms.ActiveCfg = Release|Any CPU
		{8694E89B-DCB3-4541-9B06-CFB0EA0EED2B}.Release|Mixed Platforms.Build.0 = Release|Any CPU
		{8694E89B-DCB3-4541-9B06-CFB0EA0EED2B}.Release|x86.ActiveCfg = Release|Any CPU
		{CCC8D60F-31F3-4534-90CD-E6663D666CC0}.Debug|Any CPU.ActiveCfg = Debug|Any CPU
		{CCC8D60F-31F3-4534-90CD-E6663D666CC0}.Debug|Any CPU.Build.0 = Debug|Any CPU
		{CCC8D60F-31F3-4534-90CD-E6663D666CC0}.Debug|Mixed Platforms.ActiveCfg = Debug|Any CPU
		{CCC8D60F-31F3-4534-90CD-E6663D666CC0}.Debug|Mixed Platforms.Build.0 = Debug|Any CPU
		{CCC8D60F-31F3-4534-90CD-E6663D666CC0}.Debug|x86.ActiveCfg = Debug|Any CPU
		{CCC8D60F-31F3-4534-90CD-E6663D666CC0}.Release|Any CPU.ActiveCfg = Release|Any CPU
		{CCC8D60F-31F3-4534-90CD-E6663D666CC0}.Release|Any CPU.Build.0 = Release|Any CPU
		{CCC8D60F-31F3-4534-90CD-E6663D666CC0}.Release|Mixed Platforms.ActiveCfg = Release|Any CPU
		{CCC8D60F-31F3-4534-90CD-E6663D666CC0}.Release|Mixed Platforms.Build.0 = Release|Any CPU
		{CCC8D60F-31F3-4534-90CD-E6663D666CC0}.Release|x86.ActiveCfg = Release|Any CPU
	EndGlobalSection
	GlobalSection(SolutionProperties) = preSolution
		HideSolutionNode = FALSE
	EndGlobalSection
EndGlobal
