
Microsoft Visual Studio Solution File, Format Version 12.00
# Visual Studio 15
VisualStudioVersion = 15.0.26430.16
MinimumVisualStudioVersion = 10.0.40219.1
Project("{2150E333-8FDC-42A3-9474-1A3956D46DE8}") = "Client", "Client", "{4EA5EBDF-EE73-4BFB-A5D9-A4529AEF12F4}"
EndProject
Project("{2150E333-8FDC-42A3-9474-1A3956D46DE8}") = "Log", "Log", "{A9CCBA5E-4414-479B-BF16-49CF239990FD}"
EndProject
Project("{FAE04EC0-301F-11D3-BF4B-00C04F79EFBC}") = "ILog", "ILog\ILog.csproj", "{338E2802-B38B-4C9F-A26D-D9939FA1B45C}"
EndProject
Project("{FAE04EC0-301F-11D3-BF4B-00C04F79EFBC}") = "DbLog", "DbLog\DbLog.csproj", "{2AF2DD4B-3E64-4703-A335-76F8D6D5AF28}"
EndProject
Project("{FAE04EC0-301F-11D3-BF4B-00C04F79EFBC}") = "TextLog", "TextLog\TextLog.csproj", "{57B54829-5A64-4C55-9002-EA3430D0E4D2}"
EndProject
Project("{2150E333-8FDC-42A3-9474-1A3956D46DE8}") = "ILog", "ILog", "{1BD5B329-8D04-486D-8405-3B7C0BA628CA}"
EndProject
Project("{FAE04EC0-301F-11D3-BF4B-00C04F79EFBC}") = "MEFConsoleHost", "MEFConsoleHost\MEFConsoleHost.csproj", "{5AFD751E-7DB6-45EB-B43F-61D7FF6FB127}"
EndProject
Project("{FAE04EC0-301F-11D3-BF4B-00C04F79EFBC}") = "MEFFormHost", "MEFFormHost\MEFFormHost.csproj", "{54C22227-0D20-4DD3-B0A2-524543EE9CE0}"
EndProject
Global
	GlobalSection(SolutionConfigurationPlatforms) = preSolution
		Debug|Any CPU = Debug|Any CPU
		Release|Any CPU = Release|Any CPU
	EndGlobalSection
	GlobalSection(ProjectConfigurationPlatforms) = postSolution
		{338E2802-B38B-4C9F-A26D-D9939FA1B45C}.Debug|Any CPU.ActiveCfg = Debug|Any CPU
		{338E2802-B38B-4C9F-A26D-D9939FA1B45C}.Debug|Any CPU.Build.0 = Debug|Any CPU
		{338E2802-B38B-4C9F-A26D-D9939FA1B45C}.Release|Any CPU.ActiveCfg = Release|Any CPU
		{338E2802-B38B-4C9F-A26D-D9939FA1B45C}.Release|Any CPU.Build.0 = Release|Any CPU
		{2AF2DD4B-3E64-4703-A335-76F8D6D5AF28}.Debug|Any CPU.ActiveCfg = Debug|Any CPU
		{2AF2DD4B-3E64-4703-A335-76F8D6D5AF28}.Debug|Any CPU.Build.0 = Debug|Any CPU
		{2AF2DD4B-3E64-4703-A335-76F8D6D5AF28}.Release|Any CPU.ActiveCfg = Release|Any CPU
		{2AF2DD4B-3E64-4703-A335-76F8D6D5AF28}.Release|Any CPU.Build.0 = Release|Any CPU
		{57B54829-5A64-4C55-9002-EA3430D0E4D2}.Debug|Any CPU.ActiveCfg = Debug|Any CPU
		{57B54829-5A64-4C55-9002-EA3430D0E4D2}.Debug|Any CPU.Build.0 = Debug|Any CPU
		{57B54829-5A64-4C55-9002-EA3430D0E4D2}.Release|Any CPU.ActiveCfg = Release|Any CPU
		{57B54829-5A64-4C55-9002-EA3430D0E4D2}.Release|Any CPU.Build.0 = Release|Any CPU
		{5AFD751E-7DB6-45EB-B43F-61D7FF6FB127}.Debug|Any CPU.ActiveCfg = Debug|Any CPU
		{5AFD751E-7DB6-45EB-B43F-61D7FF6FB127}.Debug|Any CPU.Build.0 = Debug|Any CPU
		{5AFD751E-7DB6-45EB-B43F-61D7FF6FB127}.Release|Any CPU.ActiveCfg = Release|Any CPU
		{5AFD751E-7DB6-45EB-B43F-61D7FF6FB127}.Release|Any CPU.Build.0 = Release|Any CPU
		{54C22227-0D20-4DD3-B0A2-524543EE9CE0}.Debug|Any CPU.ActiveCfg = Debug|Any CPU
		{54C22227-0D20-4DD3-B0A2-524543EE9CE0}.Debug|Any CPU.Build.0 = Debug|Any CPU
		{54C22227-0D20-4DD3-B0A2-524543EE9CE0}.Release|Any CPU.ActiveCfg = Release|Any CPU
		{54C22227-0D20-4DD3-B0A2-524543EE9CE0}.Release|Any CPU.Build.0 = Release|Any CPU
	EndGlobalSection
	GlobalSection(SolutionProperties) = preSolution
		HideSolutionNode = FALSE
	EndGlobalSection
	GlobalSection(NestedProjects) = preSolution
		{338E2802-B38B-4C9F-A26D-D9939FA1B45C} = {1BD5B329-8D04-486D-8405-3B7C0BA628CA}
		{2AF2DD4B-3E64-4703-A335-76F8D6D5AF28} = {A9CCBA5E-4414-479B-BF16-49CF239990FD}
		{57B54829-5A64-4C55-9002-EA3430D0E4D2} = {A9CCBA5E-4414-479B-BF16-49CF239990FD}
		{5AFD751E-7DB6-45EB-B43F-61D7FF6FB127} = {4EA5EBDF-EE73-4BFB-A5D9-A4529AEF12F4}
		{54C22227-0D20-4DD3-B0A2-524543EE9CE0} = {4EA5EBDF-EE73-4BFB-A5D9-A4529AEF12F4}
	EndGlobalSection
EndGlobal
